
Microsoft Visual Studio Solution File, Format Version 12.00
# Visual Studio Version 17
VisualStudioVersion = 17.11.35219.272
MinimumVisualStudioVersion = 10.0.40219.1
Project("{FAE04EC0-301F-11D3-BF4B-00C04F79EFBC}") = "Ferreteria", "Ferreteria\Ferreteria.csproj", "{CA0502A4-5D60-4850-82A3-470A9CD0597A}"
EndProject
Global
	GlobalSection(SolutionConfigurationPlatforms) = preSolution
		Debug|Any CPU = Debug|Any CPU
		Release|Any CPU = Release|Any CPU
	EndGlobalSection
	GlobalSection(ProjectConfigurationPlatforms) = postSolution
		{CA0502A4-5D60-4850-82A3-470A9CD0597A}.Debug|Any CPU.ActiveCfg = Debug|Any CPU
		{CA0502A4-5D60-4850-82A3-470A9CD0597A}.Debug|Any CPU.Build.0 = Debug|Any CPU
		{CA0502A4-5D60-4850-82A3-470A9CD0597A}.Release|Any CPU.ActiveCfg = Release|Any CPU
		{CA0502A4-5D60-4850-82A3-470A9CD0597A}.Release|Any CPU.Build.0 = Release|Any CPU
	EndGlobalSection
	GlobalSection(SolutionProperties) = preSolution
		HideSolutionNode = FALSE
	EndGlobalSection
	GlobalSection(ExtensibilityGlobals) = postSolution
		SolutionGuid = {04B54C5C-4708-4736-8238-6406B099AC9C}
	EndGlobalSection
EndGlobal
